
Microsoft Visual Studio Solution File, Format Version 12.00
# Visual Studio Version 17
VisualStudioVersion = 17.0.31903.59
MinimumVisualStudioVersion = 10.0.40219.1
Project("{FAE04EC0-301F-11D3-BF4B-00C04F79EFBC}") = "wms.core.Models", "wms.core.Models\wms.core.Models.csproj", "{DB0C96DD-E54F-42CF-8055-019B8B44199D}"
EndProject
Project("{FAE04EC0-301F-11D3-BF4B-00C04F79EFBC}") = "WMS.Enums", "WMS.Enums\WMS.Enums.csproj", "{A8B3E0A7-4CBD-4032-A0F4-B2F32E892B90}"
EndProject
Project("{FAE04EC0-301F-11D3-BF4B-00C04F79EFBC}") = "wms.core.services", "wms.core.services\wms.core.services.csproj", "{C7D41FFA-0BB7-4433-82E1-AF3123A6ACE8}"
EndProject
Project("{FAE04EC0-301F-11D3-BF4B-00C04F79EFBC}") = "wms.consoleapp", "wms.consoleapp\wms.consoleapp.csproj", "{743AE23C-677E-410A-9501-4F67FC7A706C}"
EndProject
Global
	GlobalSection(SolutionConfigurationPlatforms) = preSolution
		Debug|Any CPU = Debug|Any CPU
		Release|Any CPU = Release|Any CPU
	EndGlobalSection
	GlobalSection(SolutionProperties) = preSolution
		HideSolutionNode = FALSE
	EndGlobalSection
	GlobalSection(ProjectConfigurationPlatforms) = postSolution
		{DB0C96DD-E54F-42CF-8055-019B8B44199D}.Debug|Any CPU.ActiveCfg = Debug|Any CPU
		{DB0C96DD-E54F-42CF-8055-019B8B44199D}.Debug|Any CPU.Build.0 = Debug|Any CPU
		{DB0C96DD-E54F-42CF-8055-019B8B44199D}.Release|Any CPU.ActiveCfg = Release|Any CPU
		{DB0C96DD-E54F-42CF-8055-019B8B44199D}.Release|Any CPU.Build.0 = Release|Any CPU
		{A8B3E0A7-4CBD-4032-A0F4-B2F32E892B90}.Debug|Any CPU.ActiveCfg = Debug|Any CPU
		{A8B3E0A7-4CBD-4032-A0F4-B2F32E892B90}.Debug|Any CPU.Build.0 = Debug|Any CPU
		{A8B3E0A7-4CBD-4032-A0F4-B2F32E892B90}.Release|Any CPU.ActiveCfg = Release|Any CPU
		{A8B3E0A7-4CBD-4032-A0F4-B2F32E892B90}.Release|Any CPU.Build.0 = Release|Any CPU
		{C7D41FFA-0BB7-4433-82E1-AF3123A6ACE8}.Debug|Any CPU.ActiveCfg = Debug|Any CPU
		{C7D41FFA-0BB7-4433-82E1-AF3123A6ACE8}.Debug|Any CPU.Build.0 = Debug|Any CPU
		{C7D41FFA-0BB7-4433-82E1-AF3123A6ACE8}.Release|Any CPU.ActiveCfg = Release|Any CPU
		{C7D41FFA-0BB7-4433-82E1-AF3123A6ACE8}.Release|Any CPU.Build.0 = Release|Any CPU
		{743AE23C-677E-410A-9501-4F67FC7A706C}.Debug|Any CPU.ActiveCfg = Debug|Any CPU
		{743AE23C-677E-410A-9501-4F67FC7A706C}.Debug|Any CPU.Build.0 = Debug|Any CPU
		{743AE23C-677E-410A-9501-4F67FC7A706C}.Release|Any CPU.ActiveCfg = Release|Any CPU
		{743AE23C-677E-410A-9501-4F67FC7A706C}.Release|Any CPU.Build.0 = Release|Any CPU
	EndGlobalSection
EndGlobal
