
Microsoft Visual Studio Solution File, Format Version 12.00
# Visual Studio Version 17
VisualStudioVersion = 17.5.33530.505
MinimumVisualStudioVersion = 10.0.40219.1
Project("{FAE04EC0-301F-11D3-BF4B-00C04F79EFBC}") = "Methods", "Methods\Methods.csproj", "{CCF760A0-5D7A-4FE4-9429-B651B3C8DA5F}"
EndProject
Global
	GlobalSection(SolutionConfigurationPlatforms) = preSolution
		Debug|Any CPU = Debug|Any CPU
		Release|Any CPU = Release|Any CPU
	EndGlobalSection
	GlobalSection(ProjectConfigurationPlatforms) = postSolution
		{CCF760A0-5D7A-4FE4-9429-B651B3C8DA5F}.Debug|Any CPU.ActiveCfg = Debug|Any CPU
		{CCF760A0-5D7A-4FE4-9429-B651B3C8DA5F}.Debug|Any CPU.Build.0 = Debug|Any CPU
		{CCF760A0-5D7A-4FE4-9429-B651B3C8DA5F}.Release|Any CPU.ActiveCfg = Release|Any CPU
		{CCF760A0-5D7A-4FE4-9429-B651B3C8DA5F}.Release|Any CPU.Build.0 = Release|Any CPU
	EndGlobalSection
	GlobalSection(SolutionProperties) = preSolution
		HideSolutionNode = FALSE
	EndGlobalSection
	GlobalSection(ExtensibilityGlobals) = postSolution
		SolutionGuid = {CE8BC11A-67E6-4F37-8111-592436EDF980}
	EndGlobalSection
EndGlobal
