
Microsoft Visual Studio Solution File, Format Version 12.00
# Visual Studio Version 17
VisualStudioVersion = 17.5.33530.505
MinimumVisualStudioVersion = 10.0.40219.1
Project("{FAE04EC0-301F-11D3-BF4B-00C04F79EFBC}") = "LINQAndExtensionMethod", "LINQAndExtensionMethod\LINQAndExtensionMethod.csproj", "{7C82F6B0-269F-496A-9F55-04013BE33855}"
EndProject
Global
	GlobalSection(SolutionConfigurationPlatforms) = preSolution
		Debug|Any CPU = Debug|Any CPU
		Release|Any CPU = Release|Any CPU
	EndGlobalSection
	GlobalSection(ProjectConfigurationPlatforms) = postSolution
		{7C82F6B0-269F-496A-9F55-04013BE33855}.Debug|Any CPU.ActiveCfg = Debug|Any CPU
		{7C82F6B0-269F-496A-9F55-04013BE33855}.Debug|Any CPU.Build.0 = Debug|Any CPU
		{7C82F6B0-269F-496A-9F55-04013BE33855}.Release|Any CPU.ActiveCfg = Release|Any CPU
		{7C82F6B0-269F-496A-9F55-04013BE33855}.Release|Any CPU.Build.0 = Release|Any CPU
	EndGlobalSection
	GlobalSection(SolutionProperties) = preSolution
		HideSolutionNode = FALSE
	EndGlobalSection
	GlobalSection(ExtensibilityGlobals) = postSolution
		SolutionGuid = {2AFB3499-1A30-4F0B-A812-58A162B02F6C}
	EndGlobalSection
EndGlobal
