
Microsoft Visual Studio Solution File, Format Version 12.00
# Visual Studio Version 17
VisualStudioVersion = 17.5.33530.505
MinimumVisualStudioVersion = 10.0.40219.1
Project("{FAE04EC0-301F-11D3-BF4B-00C04F79EFBC}") = "CollectionsGenericsAndLINQ", "CollectionsGenericsAndLINQ\CollectionsGenericsAndLINQ.csproj", "{026F1D46-F93F-44F1-BB13-C6CD79BB036D}"
EndProject
Global
	GlobalSection(SolutionConfigurationPlatforms) = preSolution
		Debug|Any CPU = Debug|Any CPU
		Release|Any CPU = Release|Any CPU
	EndGlobalSection
	GlobalSection(ProjectConfigurationPlatforms) = postSolution
		{026F1D46-F93F-44F1-BB13-C6CD79BB036D}.Debug|Any CPU.ActiveCfg = Debug|Any CPU
		{026F1D46-F93F-44F1-BB13-C6CD79BB036D}.Debug|Any CPU.Build.0 = Debug|Any CPU
		{026F1D46-F93F-44F1-BB13-C6CD79BB036D}.Release|Any CPU.ActiveCfg = Release|Any CPU
		{026F1D46-F93F-44F1-BB13-C6CD79BB036D}.Release|Any CPU.Build.0 = Release|Any CPU
	EndGlobalSection
	GlobalSection(SolutionProperties) = preSolution
		HideSolutionNode = FALSE
	EndGlobalSection
	GlobalSection(ExtensibilityGlobals) = postSolution
		SolutionGuid = {5AB63044-93C9-4A06-A616-CA7D6EE0F0DF}
	EndGlobalSection
EndGlobal
