
Microsoft Visual Studio Solution File, Format Version 12.00
# Visual Studio Version 17
VisualStudioVersion = 17.3.32929.385
MinimumVisualStudioVersion = 10.0.40219.1
Project("{FAE04EC0-301F-11D3-BF4B-00C04F79EFBC}") = "DLLExample", "DLLExample\DLLExample.csproj", "{1FA3949B-5BBC-401A-A16C-EB4C1F5CC83D}"
EndProject
Project("{FAE04EC0-301F-11D3-BF4B-00C04F79EFBC}") = "EmployeeUsingDLL", "EmployeeUsingDLL\EmployeeUsingDLL.csproj", "{0EA543DD-06E6-4110-8E06-235E08753815}"
EndProject
Global
	GlobalSection(SolutionConfigurationPlatforms) = preSolution
		Debug|Any CPU = Debug|Any CPU
		Release|Any CPU = Release|Any CPU
	EndGlobalSection
	GlobalSection(ProjectConfigurationPlatforms) = postSolution
		{1FA3949B-5BBC-401A-A16C-EB4C1F5CC83D}.Debug|Any CPU.ActiveCfg = Debug|Any CPU
		{1FA3949B-5BBC-401A-A16C-EB4C1F5CC83D}.Debug|Any CPU.Build.0 = Debug|Any CPU
		{1FA3949B-5BBC-401A-A16C-EB4C1F5CC83D}.Release|Any CPU.ActiveCfg = Release|Any CPU
		{1FA3949B-5BBC-401A-A16C-EB4C1F5CC83D}.Release|Any CPU.Build.0 = Release|Any CPU
		{0EA543DD-06E6-4110-8E06-235E08753815}.Debug|Any CPU.ActiveCfg = Debug|Any CPU
		{0EA543DD-06E6-4110-8E06-235E08753815}.Debug|Any CPU.Build.0 = Debug|Any CPU
		{0EA543DD-06E6-4110-8E06-235E08753815}.Release|Any CPU.ActiveCfg = Release|Any CPU
		{0EA543DD-06E6-4110-8E06-235E08753815}.Release|Any CPU.Build.0 = Release|Any CPU
	EndGlobalSection
	GlobalSection(SolutionProperties) = preSolution
		HideSolutionNode = FALSE
	EndGlobalSection
	GlobalSection(ExtensibilityGlobals) = postSolution
		SolutionGuid = {F926D6C8-53B6-4E97-AD86-794EE990BCCD}
	EndGlobalSection
EndGlobal
