
Microsoft Visual Studio Solution File, Format Version 12.00
# Visual Studio Version 17
VisualStudioVersion = 17.5.33530.505
MinimumVisualStudioVersion = 10.0.40219.1
Project("{FAE04EC0-301F-11D3-BF4B-00C04F79EFBC}") = "DelegateApp", "DelegateApp\DelegateApp.csproj", "{F78E329F-7CB2-40BD-B1B0-FA01A6EE6AFF}"
EndProject
Global
	GlobalSection(SolutionConfigurationPlatforms) = preSolution
		Debug|Any CPU = Debug|Any CPU
		Release|Any CPU = Release|Any CPU
	EndGlobalSection
	GlobalSection(ProjectConfigurationPlatforms) = postSolution
		{F78E329F-7CB2-40BD-B1B0-FA01A6EE6AFF}.Debug|Any CPU.ActiveCfg = Debug|Any CPU
		{F78E329F-7CB2-40BD-B1B0-FA01A6EE6AFF}.Debug|Any CPU.Build.0 = Debug|Any CPU
		{F78E329F-7CB2-40BD-B1B0-FA01A6EE6AFF}.Release|Any CPU.ActiveCfg = Release|Any CPU
		{F78E329F-7CB2-40BD-B1B0-FA01A6EE6AFF}.Release|Any CPU.Build.0 = Release|Any CPU
	EndGlobalSection
	GlobalSection(SolutionProperties) = preSolution
		HideSolutionNode = FALSE
	EndGlobalSection
	GlobalSection(ExtensibilityGlobals) = postSolution
		SolutionGuid = {9F18CC6F-C255-4F54-A02F-52436848942E}
	EndGlobalSection
EndGlobal
