
Microsoft Visual Studio Solution File, Format Version 12.00
# Visual Studio Version 17
VisualStudioVersion = 17.3.32929.385
MinimumVisualStudioVersion = 10.0.40219.1
Project("{FAE04EC0-301F-11D3-BF4B-00C04F79EFBC}") = "ValidationWithStringBuilder", "ValidationWithStringBuilder\ValidationWithStringBuilder.csproj", "{4026BBB6-E041-4C98-BF04-E2DDF809BBD3}"
EndProject
Global
	GlobalSection(SolutionConfigurationPlatforms) = preSolution
		Debug|Any CPU = Debug|Any CPU
		Release|Any CPU = Release|Any CPU
	EndGlobalSection
	GlobalSection(ProjectConfigurationPlatforms) = postSolution
		{4026BBB6-E041-4C98-BF04-E2DDF809BBD3}.Debug|Any CPU.ActiveCfg = Debug|Any CPU
		{4026BBB6-E041-4C98-BF04-E2DDF809BBD3}.Debug|Any CPU.Build.0 = Debug|Any CPU
		{4026BBB6-E041-4C98-BF04-E2DDF809BBD3}.Release|Any CPU.ActiveCfg = Release|Any CPU
		{4026BBB6-E041-4C98-BF04-E2DDF809BBD3}.Release|Any CPU.Build.0 = Release|Any CPU
	EndGlobalSection
	GlobalSection(SolutionProperties) = preSolution
		HideSolutionNode = FALSE
	EndGlobalSection
	GlobalSection(ExtensibilityGlobals) = postSolution
		SolutionGuid = {754AFF33-B1E0-4DA8-98AC-722C8DD2A841}
	EndGlobalSection
EndGlobal
