
Microsoft Visual Studio Solution File, Format Version 12.00
# Visual Studio Version 17
VisualStudioVersion = 17.5.33530.505
MinimumVisualStudioVersion = 10.0.40219.1
Project("{FAE04EC0-301F-11D3-BF4B-00C04F79EFBC}") = "EventGridApp", "EventGridApp\EventGridApp.csproj", "{B6701A80-35AA-4409-A806-4B3CA6AB8129}"
EndProject
Global
	GlobalSection(SolutionConfigurationPlatforms) = preSolution
		Debug|Any CPU = Debug|Any CPU
		Release|Any CPU = Release|Any CPU
	EndGlobalSection
	GlobalSection(ProjectConfigurationPlatforms) = postSolution
		{B6701A80-35AA-4409-A806-4B3CA6AB8129}.Debug|Any CPU.ActiveCfg = Debug|Any CPU
		{B6701A80-35AA-4409-A806-4B3CA6AB8129}.Debug|Any CPU.Build.0 = Debug|Any CPU
		{B6701A80-35AA-4409-A806-4B3CA6AB8129}.Release|Any CPU.ActiveCfg = Release|Any CPU
		{B6701A80-35AA-4409-A806-4B3CA6AB8129}.Release|Any CPU.Build.0 = Release|Any CPU
	EndGlobalSection
	GlobalSection(SolutionProperties) = preSolution
		HideSolutionNode = FALSE
	EndGlobalSection
	GlobalSection(ExtensibilityGlobals) = postSolution
		SolutionGuid = {5C103F5A-A1D6-46A1-87D1-5326097E9EA8}
	EndGlobalSection
EndGlobal
