
Microsoft Visual Studio Solution File, Format Version 12.00
# Visual Studio Version 17
VisualStudioVersion = 17.3.32929.385
MinimumVisualStudioVersion = 10.0.40219.1
Project("{FAE04EC0-301F-11D3-BF4B-00C04F79EFBC}") = "Loops", "Loops\Loops.csproj", "{A8A73C2F-9DD3-4734-94ED-E654165F2713}"
EndProject
Global
	GlobalSection(SolutionConfigurationPlatforms) = preSolution
		Debug|Any CPU = Debug|Any CPU
		Release|Any CPU = Release|Any CPU
	EndGlobalSection
	GlobalSection(ProjectConfigurationPlatforms) = postSolution
		{A8A73C2F-9DD3-4734-94ED-E654165F2713}.Debug|Any CPU.ActiveCfg = Debug|Any CPU
		{A8A73C2F-9DD3-4734-94ED-E654165F2713}.Debug|Any CPU.Build.0 = Debug|Any CPU
		{A8A73C2F-9DD3-4734-94ED-E654165F2713}.Release|Any CPU.ActiveCfg = Release|Any CPU
		{A8A73C2F-9DD3-4734-94ED-E654165F2713}.Release|Any CPU.Build.0 = Release|Any CPU
	EndGlobalSection
	GlobalSection(SolutionProperties) = preSolution
		HideSolutionNode = FALSE
	EndGlobalSection
	GlobalSection(ExtensibilityGlobals) = postSolution
		SolutionGuid = {CE81F33A-799A-4888-9377-7AE2F469FD39}
	EndGlobalSection
EndGlobal
