
Microsoft Visual Studio Solution File, Format Version 12.00
# Visual Studio Version 17
VisualStudioVersion = 17.3.32929.385
MinimumVisualStudioVersion = 10.0.40219.1
Project("{FAE04EC0-301F-11D3-BF4B-00C04F79EFBC}") = "Generic", "Generic\Generic.csproj", "{8C47B929-19EB-4646-B72D-FCA61B57D9EF}"
EndProject
Global
	GlobalSection(SolutionConfigurationPlatforms) = preSolution
		Debug|Any CPU = Debug|Any CPU
		Release|Any CPU = Release|Any CPU
	EndGlobalSection
	GlobalSection(ProjectConfigurationPlatforms) = postSolution
		{8C47B929-19EB-4646-B72D-FCA61B57D9EF}.Debug|Any CPU.ActiveCfg = Debug|Any CPU
		{8C47B929-19EB-4646-B72D-FCA61B57D9EF}.Debug|Any CPU.Build.0 = Debug|Any CPU
		{8C47B929-19EB-4646-B72D-FCA61B57D9EF}.Release|Any CPU.ActiveCfg = Release|Any CPU
		{8C47B929-19EB-4646-B72D-FCA61B57D9EF}.Release|Any CPU.Build.0 = Release|Any CPU
	EndGlobalSection
	GlobalSection(SolutionProperties) = preSolution
		HideSolutionNode = FALSE
	EndGlobalSection
	GlobalSection(ExtensibilityGlobals) = postSolution
		SolutionGuid = {54AF085B-DFCA-4BBE-829E-B8D3F077C07D}
	EndGlobalSection
EndGlobal
